// !$*UTF8*$!
{
	archiveVersion = 1;
	classes = {
	};
	objectVersion = 77;
	objects = {

/* Begin PBXContainerItemProxy section */
		8A974D232E4D1B16008DDD10 /* PBXContainerItemProxy */ = {
			isa = PBXContainerItemProxy;
			containerPortal = 8A974D0D2E4D1B12008DDD10 /* Project object */;
			proxyType = 1;
			remoteGlobalIDString = 8A974D142E4D1B12008DDD10;
			remoteInfo = HaysteskAssignment;
		};
		8A974D2D2E4D1B16008DDD10 /* PBXContainerItemProxy */ = {
			isa = PBXContainerItemProxy;
			containerPortal = 8A974D0D2E4D1B12008DDD10 /* Project object */;
			proxyType = 1;
			remoteGlobalIDString = 8A974D142E4D1B12008DDD10;
			remoteInfo = HaysteskAssignment;
		};
/* End PBXContainerItemProxy section */

/* Begin PBXFileReference section */
		8A974D152E4D1B12008DDD10 /* HaysteskAssignment.app */ = {isa = PBXFileReference; explicitFileType = wrapper.application; includeInIndex = 0; path = HaysteskAssignment.app; sourceTree = BUILT_PRODUCTS_DIR; };
		8A974D222E4D1B16008DDD10 /* HaysteskAssignmentTests.xctest */ = {isa = PBXFileReference; explicitFileType = wrapper.cfbundle; includeInIndex = 0; path = HaysteskAssignmentTests.xctest; sourceTree = BUILT_PRODUCTS_DIR; };
		8A974D2C2E4D1B16008DDD10 /* HaysteskAssignmentUITests.xctest */ = {isa = PBXFileReference; explicitFileType = wrapper.cfbundle; includeInIndex = 0; path = HaysteskAssignmentUITests.xctest; sourceTree = BUILT_PRODUCTS_DIR; };
/* End PBXFileReference section */

/* Begin PBXFileSystemSynchronizedRootGroup section */
		8A974D172E4D1B12008DDD10 /* HaysteskAssignment */ = {
			isa = PBXFileSystemSynchronizedRootGroup;
			path = HaysteskAssignment;
			sourceTree = "<group>";
		};
		8A974D252E4D1B16008DDD10 /* HaysteskAssignmentTests */ = {
			isa = PBXFileSystemSynchronizedRootGroup;
			path = HaysteskAssignmentTests;
			sourceTree = "<group>";
		};
		8A974D2F2E4D1B16008DDD10 /* HaysteskAssignmentUITests */ = {
			isa = PBXFileSystemSynchronizedRootGroup;
			path = HaysteskAssignmentUITests;
			sourceTree = "<group>";
		};
/* End PBXFileSystemSynchronizedRootGroup section */

/* Begin PBXFrameworksBuildPhase section */
		8A974D122E4D1B12008DDD10 /* Frameworks */ = {
			isa = PBXFrameworksBuildPhase;
			buildActionMask = 2147483647;
			files = (
			);
			runOnlyForDeploymentPostprocessing = 0;
		};
		8A974D1F2E4D1B16008DDD10 /* Frameworks */ = {
			isa = PBXFrameworksBuildPhase;
			buildActionMask = 2147483647;
			files = (
			);
			runOnlyForDeploymentPostprocessing = 0;
		};
		8A974D292E4D1B16008DDD10 /* Frameworks */ = {
			isa = PBXFrameworksBuildPhase;
			buildActionMask = 2147483647;
			files = (
			);
			runOnlyForDeploymentPostprocessing = 0;
		};
/* End PBXFrameworksBuildPhase section */

/* Begin PBXGroup section */
		8A974D0C2E4D1B12008DDD10 = {
			isa = PBXGroup;
			children = (
				8A974D172E4D1B12008DDD10 /* HaysteskAssignment */,
				8A974D252E4D1B16008DDD10 /* HaysteskAssignmentTests */,
				8A974D2F2E4D1B16008DDD10 /* HaysteskAssignmentUITests */,
				8A974D162E4D1B12008DDD10 /* Products */,
			);
			sourceTree = "<group>";
		};
		8A974D162E4D1B12008DDD10 /* Products */ = {
			isa = PBXGroup;
			children = (
				8A974D152E4D1B12008DDD10 /* HaysteskAssignment.app */,
				8A974D222E4D1B16008DDD10 /* HaysteskAssignmentTests.xctest */,
				8A974D2C2E4D1B16008DDD10 /* HaysteskAssignmentUITests.xctest */,
			);
			name = Products;
			sourceTree = "<group>";
		};
/* End PBXGroup section */

/* Begin PBXNativeTarget section */
		8A974D142E4D1B12008DDD10 /* HaysteskAssignment */ = {
			isa = PBXNativeTarget;
			buildConfigurationList = 8A974D362E4D1B16008DDD10 /* Build configuration list for PBXNativeTarget "HaysteskAssignment" */;
			buildPhases = (
				8A974D112E4D1B12008DDD10 /* Sources */,
				8A974D122E4D1B12008DDD10 /* Frameworks */,
				8A974D132E4D1B12008DDD10 /* Resources */,
			);
			buildRules = (
			);
			dependencies = (
			);
			fileSystemSynchronizedGroups = (
				8A974D172E4D1B12008DDD10 /* HaysteskAssignment */,
			);
			name = HaysteskAssignment;
			packageProductDependencies = (
			);
			productName = HaysteskAssignment;
			productReference = 8A974D152E4D1B12008DDD10 /* HaysteskAssignment.app */;
			productType = "com.apple.product-type.application";
		};
		8A974D212E4D1B16008DDD10 /* HaysteskAssignmentTests */ = {
			isa = PBXNativeTarget;
			buildConfigurationList = 8A974D392E4D1B16008DDD10 /* Build configuration list for PBXNativeTarget "HaysteskAssignmentTests" */;
			buildPhases = (
				8A974D1E2E4D1B16008DDD10 /* Sources */,
				8A974D1F2E4D1B16008DDD10 /* Frameworks */,
				8A974D202E4D1B16008DDD10 /* Resources */,
			);
			buildRules = (
			);
			dependencies = (
				8A974D242E4D1B16008DDD10 /* PBXTargetDependency */,
			);
			fileSystemSynchronizedGroups = (
				8A974D252E4D1B16008DDD10 /* HaysteskAssignmentTests */,
			);
			name = HaysteskAssignmentTests;
			packageProductDependencies = (
			);
			productName = HaysteskAssignmentTests;
			productReference = 8A974D222E4D1B16008DDD10 /* HaysteskAssignmentTests.xctest */;
			productType = "com.apple.product-type.bundle.unit-test";
		};
		8A974D2B2E4D1B16008DDD10 /* HaysteskAssignmentUITests */ = {
			isa = PBXNativeTarget;
			buildConfigurationList = 8A974D3C2E4D1B16008DDD10 /* Build configuration list for PBXNativeTarget "HaysteskAssignmentUITests" */;
			buildPhases = (
				8A974D282E4D1B16008DDD10 /* Sources */,
				8A974D292E4D1B16008DDD10 /* Frameworks */,
				8A974D2A2E4D1B16008DDD10 /* Resources */,
			);
			buildRules = (
			);
			dependencies = (
				8A974D2E2E4D1B16008DDD10 /* PBXTargetDependency */,
			);
			fileSystemSynchronizedGroups = (
				8A974D2F2E4D1B16008DDD10 /* HaysteskAssignmentUITests */,
			);
			name = HaysteskAssignmentUITests;
			packageProductDependencies = (
			);
			productName = HaysteskAssignmentUITests;
			productReference = 8A974D2C2E4D1B16008DDD10 /* HaysteskAssignmentUITests.xctest */;
			productType = "com.apple.product-type.bundle.ui-testing";
		};
/* End PBXNativeTarget section */

/* Begin PBXProject section */
		8A974D0D2E4D1B12008DDD10 /* Project object */ = {
			isa = PBXProject;
			attributes = {
				BuildIndependentTargetsInParallel = 1;
				LastSwiftUpdateCheck = 1630;
				LastUpgradeCheck = 1630;
				TargetAttributes = {
					8A974D142E4D1B12008DDD10 = {
						CreatedOnToolsVersion = 16.3;
					};
					8A974D212E4D1B16008DDD10 = {
						CreatedOnToolsVersion = 16.3;
						TestTargetID = 8A974D142E4D1B12008DDD10;
					};
					8A974D2B2E4D1B16008DDD10 = {
						CreatedOnToolsVersion = 16.3;
						TestTargetID = 8A974D142E4D1B12008DDD10;
					};
				};
			};
			buildConfigurationList = 8A974D102E4D1B12008DDD10 /* Build configuration list for PBXProject "HaysteskAssignment" */;
			developmentRegion = en;
			hasScannedForEncodings = 0;
			knownRegions = (
				en,
				Base,
			);
			mainGroup = 8A974D0C2E4D1B12008DDD10;
			minimizedProjectReferenceProxies = 1;
			preferredProjectObjectVersion = 77;
			productRefGroup = 8A974D162E4D1B12008DDD10 /* Products */;
			projectDirPath = "";
			projectRoot = "";
			targets = (
				8A974D142E4D1B12008DDD10 /* HaysteskAssignment */,
				8A974D212E4D1B16008DDD10 /* HaysteskAssignmentTests */,
				8A974D2B2E4D1B16008DDD10 /* HaysteskAssignmentUITests */,
			);
		};
/* End PBXProject section */

/* Begin PBXResourcesBuildPhase section */
		8A974D132E4D1B12008DDD10 /* Resources */ = {
			isa = PBXResourcesBuildPhase;
			buildActionMask = 2147483647;
			files = (
			);
			runOnlyForDeploymentPostprocessing = 0;
		};
		8A974D202E4D1B16008DDD10 /* Resources */ = {
			isa = PBXResourcesBuildPhase;
			buildActionMask = 2147483647;
			files = (
			);
			runOnlyForDeploymentPostprocessing = 0;
		};
		8A974D2A2E4D1B16008DDD10 /* Resources */ = {
			isa = PBXResourcesBuildPhase;
			buildActionMask = 2147483647;
			files = (
			);
			runOnlyForDeploymentPostprocessing = 0;
		};
/* End PBXResourcesBuildPhase section */

/* Begin PBXSourcesBuildPhase section */
		8A974D112E4D1B12008DDD10 /* Sources */ = {
			isa = PBXSourcesBuildPhase;
			buildActionMask = 2147483647;
			files = (
			);
			runOnlyForDeploymentPostprocessing = 0;
		};
		8A974D1E2E4D1B16008DDD10 /* Sources */ = {
			isa = PBXSourcesBuildPhase;
			buildActionMask = 2147483647;
			files = (
			);
			runOnlyForDeploymentPostprocessing = 0;
		};
		8A974D282E4D1B16008DDD10 /* Sources */ = {
			isa = PBXSourcesBuildPhase;
			buildActionMask = 2147483647;
			files = (
			);
			runOnlyForDeploymentPostprocessing = 0;
		};
/* End PBXSourcesBuildPhase section */

/* Begin PBXTargetDependency section */
		8A974D242E4D1B16008DDD10 /* PBXTargetDependency */ = {
			isa = PBXTargetDependency;
			target = 8A974D142E4D1B12008DDD10 /* HaysteskAssignment */;
			targetProxy = 8A974D232E4D1B16008DDD10 /* PBXContainerItemProxy */;
		};
		8A974D2E2E4D1B16008DDD10 /* PBXTargetDependency */ = {
			isa = PBXTargetDependency;
			target = 8A974D142E4D1B12008DDD10 /* HaysteskAssignment */;
			targetProxy = 8A974D2D2E4D1B16008DDD10 /* PBXContainerItemProxy */;
		};
/* End PBXTargetDependency section */

/* Begin XCBuildConfiguration section */
		8A974D342E4D1B16008DDD10 /* Debug */ = {
			isa = XCBuildConfiguration;
			buildSettings = {
				ALWAYS_SEARCH_USER_PATHS = NO;
				ASSETCATALOG_COMPILER_GENERATE_SWIFT_ASSET_SYMBOL_EXTENSIONS = YES;
				CLANG_ANALYZER_NONNULL = YES;
				CLANG_ANALYZER_NUMBER_OBJECT_CONVERSION = YES_AGGRESSIVE;
				CLANG_CXX_LANGUAGE_STANDARD = "gnu++20";
				CLANG_ENABLE_MODULES = YES;
				CLANG_ENABLE_OBJC_ARC = YES;
				CLANG_ENABLE_OBJC_WEAK = YES;
				CLANG_WARN_BLOCK_CAPTURE_AUTORELEASING = YES;
				CLANG_WARN_BOOL_CONVERSION = YES;
				CLANG_WARN_COMMA = YES;
				CLANG_WARN_CONSTANT_CONVERSION = YES;
				CLANG_WARN_DEPRECATED_OBJC_IMPLEMENTATIONS = YES;
				CLANG_WARN_DIRECT_OBJC_ISA_USAGE = YES_ERROR;
				CLANG_WARN_DOCUMENTATION_COMMENTS = YES;
				CLANG_WARN_EMPTY_BODY = YES;
				CLANG_WARN_ENUM_CONVERSION = YES;
				CLANG_WARN_INFINITE_RECURSION = YES;
				CLANG_WARN_INT_CONVERSION = YES;
				CLANG_WARN_NON_LITERAL_NULL_CONVERSION = YES;
				CLANG_WARN_OBJC_IMPLICIT_RETAIN_SELF = YES;
				CLANG_WARN_OBJC_LITERAL_CONVERSION = YES;
				CLANG_WARN_OBJC_ROOT_CLASS = YES_ERROR;
				CLANG_WARN_QUOTED_INCLUDE_IN_FRAMEWORK_HEADER = YES;
				CLANG_WARN_RANGE_LOOP_ANALYSIS = YES;
				CLANG_WARN_STRICT_PROTOTYPES = YES;
				CLANG_WARN_SUSPICIOUS_MOVE = YES;
				CLANG_WARN_UNGUARDED_AVAILABILITY = YES_AGGRESSIVE;
				CLANG_WARN_UNREACHABLE_CODE = YES;
				CLANG_WARN__DUPLICATE_METHOD_MATCH = YES;
				COPY_PHASE_STRIP = NO;
				DEBUG_INFORMATION_FORMAT = dwarf;
				ENABLE_STRICT_OBJC_MSGSEND = YES;
				ENABLE_TESTABILITY = YES;
				ENABLE_USER_SCRIPT_SANDBOXING = YES;
				GCC_C_LANGUAGE_STANDARD = gnu17;
				GCC_DYNAMIC_NO_PIC = NO;
				GCC_NO_COMMON_BLOCKS = YES;
				GCC_OPTIMIZATION_LEVEL = 0;
				GCC_PREPROCESSOR_DEFINITIONS = (
					"DEBUG=1",
					"$(inherited)",
				);
				GCC_WARN_64_TO_32_BIT_CONVERSION = YES;
				GCC_WARN_ABOUT_RETURN_TYPE = YES_ERROR;
				GCC_WARN_UNDECLARED_SELECTOR = YES;
				GCC_WARN_UNINITIALIZED_AUTOS = YES_AGGRESSIVE;
				GCC_WARN_UNUSED_FUNCTION = YES;
				GCC_WARN_UNUSED_VARIABLE = YES;
				IPHONEOS_DEPLOYMENT_TARGET = 18.4;
				LOCALIZATION_PREFERS_STRING_CATALOGS = YES;
				MTL_ENABLE_DEBUG_INFO = INCLUDE_SOURCE;
				MTL_FAST_MATH = YES;
				ONLY_ACTIVE_ARCH = YES;
				SDKROOT = iphoneos;
				SWIFT_ACTIVE_COMPILATION_CONDITIONS = "DEBUG $(inherited)";
				SWIFT_OPTIMIZATION_LEVEL = "-Onone";
			};
			name = Debug;
		};
		8A974D352E4D1B16008DDD10 /* Release */ = {
			isa = XCBuildConfiguration;
			buildSettings = {
				ALWAYS_SEARCH_USER_PATHS = NO;
				ASSETCATALOG_COMPILER_GENERATE_SWIFT_ASSET_SYMBOL_EXTENSIONS = YES;
				CLANG_ANALYZER_NONNULL = YES;
				CLANG_ANALYZER_NUMBER_OBJECT_CONVERSION = YES_AGGRESSIVE;
				CLANG_CXX_LANGUAGE_STANDARD = "gnu++20";
				CLANG_ENABLE_MODULES = YES;
				CLANG_ENABLE_OBJC_ARC = YES;
				CLANG_ENABLE_OBJC_WEAK = YES;
				CLANG_WARN_BLOCK_CAPTURE_AUTORELEASING = YES;
				CLANG_WARN_BOOL_CONVERSION = YES;
				CLANG_WARN_COMMA = YES;
				CLANG_WARN_CONSTANT_CONVERSION = YES;
				CLANG_WARN_DEPRECATED_OBJC_IMPLEMENTATIONS = YES;
				CLANG_WARN_DIRECT_OBJC_ISA_USAGE = YES_ERROR;
				CLANG_WARN_DOCUMENTATION_COMMENTS = YES;
				CLANG_WARN_EMPTY_BODY = YES;
				CLANG_WARN_ENUM_CONVERSION = YES;
				CLANG_WARN_INFINITE_RECURSION = YES;
				CLANG_WARN_INT_CONVERSION = YES;
				CLANG_WARN_NON_LITERAL_NULL_CONVERSION = YES;
				CLANG_WARN_OBJC_IMPLICIT_RETAIN_SELF = YES;
				CLANG_WARN_OBJC_LITERAL_CONVERSION = YES;
				CLANG_WARN_OBJC_ROOT_CLASS = YES_ERROR;
				CLANG_WARN_QUOTED_INCLUDE_IN_FRAMEWORK_HEADER = YES;
				CLANG_WARN_RANGE_LOOP_ANALYSIS = YES;
				CLANG_WARN_STRICT_PROTOTYPES = YES;
				CLANG_WARN_SUSPICIOUS_MOVE = YES;
				CLANG_WARN_UNGUARDED_AVAILABILITY = YES_AGGRESSIVE;
				CLANG_WARN_UNREACHABLE_CODE = YES;
				CLANG_WARN__DUPLICATE_METHOD_MATCH = YES;
				COPY_PHASE_STRIP = NO;
				DEBUG_INFORMATION_FORMAT = "dwarf-with-dsym";
				ENABLE_NS_ASSERTIONS = NO;
				ENABLE_STRICT_OBJC_MSGSEND = YES;
				ENABLE_USER_SCRIPT_SANDBOXING = YES;
				GCC_C_LANGUAGE_STANDARD = gnu17;
				GCC_NO_COMMON_BLOCKS = YES;
				GCC_WARN_64_TO_32_BIT_CONVERSION = YES;
				GCC_WARN_ABOUT_RETURN_TYPE = YES_ERROR;
				GCC_WARN_UNDECLARED_SELECTOR = YES;
				GCC_WARN_UNINITIALIZED_AUTOS = YES_AGGRESSIVE;
				GCC_WARN_UNUSED_FUNCTION = YES;
				GCC_WARN_UNUSED_VARIABLE = YES;
				IPHONEOS_DEPLOYMENT_TARGET = 18.4;
				LOCALIZATION_PREFERS_STRING_CATALOGS = YES;
				MTL_ENABLE_DEBUG_INFO = NO;
				MTL_FAST_MATH = YES;
				SDKROOT = iphoneos;
				SWIFT_COMPILATION_MODE = wholemodule;
				VALIDATE_PRODUCT = YES;
			};
			name = Release;
		};
		8A974D372E4D1B16008DDD10 /* Debug */ = {
			isa = XCBuildConfiguration;
			buildSettings = {
				ASSETCATALOG_COMPILER_APPICON_NAME = AppIcon;
				ASSETCATALOG_COMPILER_GLOBAL_ACCENT_COLOR_NAME = AccentColor;
				CODE_SIGN_STYLE = Automatic;
				CURRENT_PROJECT_VERSION = 1;
				DEVELOPMENT_TEAM = G52G2875R8;
				ENABLE_PREVIEWS = YES;
				GENERATE_INFOPLIST_FILE = YES;
				INFOPLIST_KEY_UIApplicationSceneManifest_Generation = YES;
				INFOPLIST_KEY_UIApplicationSupportsIndirectInputEvents = YES;
				INFOPLIST_KEY_UILaunchScreen_Generation = YES;
				INFOPLIST_KEY_UISupportedInterfaceOrientations_iPad = "UIInterfaceOrientationPortrait UIInterfaceOrientationPortraitUpsideDown UIInterfaceOrientationLandscapeLeft UIInterfaceOrientationLandscapeRight";
				INFOPLIST_KEY_UISupportedInterfaceOrientations_iPhone = "UIInterfaceOrientationPortrait UIInterfaceOrientationLandscapeLeft UIInterfaceOrientationLandscapeRight";
				IPHONEOS_DEPLOYMENT_TARGET = 16.0;
				LD_RUNPATH_SEARCH_PATHS = (
					"$(inherited)",
					"@executable_path/Frameworks",
				);
				MARKETING_VERSION = 1.0;
				PRODUCT_BUNDLE_IDENTIFIER = inno.com.HaysteskAssignment;
				PRODUCT_NAME = "$(TARGET_NAME)";
				SWIFT_EMIT_LOC_STRINGS = YES;
				SWIFT_VERSION = 5.0;
				TARGETED_DEVICE_FAMILY = "1,2";
			};
			name = Debug;
		};
		8A974D382E4D1B16008DDD10 /* Release */ = {
			isa = XCBuildConfiguration;
			buildSettings = {
				ASSETCATALOG_COMPILER_APPICON_NAME = AppIcon;
				ASSETCATALOG_COMPILER_GLOBAL_ACCENT_COLOR_NAME = AccentColor;
				CODE_SIGN_STYLE = Automatic;
				CURRENT_PROJECT_VERSION = 1;
				DEVELOPMENT_TEAM = G52G2875R8;
				ENABLE_PREVIEWS = YES;
				GENERATE_INFOPLIST_FILE = YES;
				INFOPLIST_KEY_UIApplicationSceneManifest_Generation = YES;
				INFOPLIST_KEY_UIApplicationSupportsIndirectInputEvents = YES;
				INFOPLIST_KEY_UILaunchScreen_Generation = YES;
				INFOPLIST_KEY_UISupportedInterfaceOrientations_iPad = "UIInterfaceOrientationPortrait UIInterfaceOrientationPortraitUpsideDown UIInterfaceOrientationLandscapeLeft UIInterfaceOrientationLandscapeRight";
				INFOPLIST_KEY_UISupportedInterfaceOrientations_iPhone = "UIInterfaceOrientationPortrait UIInterfaceOrientationLandscapeLeft UIInterfaceOrientationLandscapeRight";
				IPHONEOS_DEPLOYMENT_TARGET = 16.0;
				LD_RUNPATH_SEARCH_PATHS = (
					"$(inherited)",
					"@executable_path/Frameworks",
				);
				MARKETING_VERSION = 1.0;
				PRODUCT_BUNDLE_IDENTIFIER = inno.com.HaysteskAssignment;
				PRODUCT_NAME = "$(TARGET_NAME)";
				SWIFT_EMIT_LOC_STRINGS = YES;
				SWIFT_VERSION = 5.0;
				TARGETED_DEVICE_FAMILY = "1,2";
			};
			name = Release;
		};
		8A974D3A2E4D1B16008DDD10 /* Debug */ = {
			isa = XCBuildConfiguration;
			buildSettings = {
				BUNDLE_LOADER = "$(TEST_HOST)";
				CODE_SIGN_STYLE = Automatic;
				CURRENT_PROJECT_VERSION = 1;
				GENERATE_INFOPLIST_FILE = YES;
				IPHONEOS_DEPLOYMENT_TARGET = 16.0;
				MARKETING_VERSION = 1.0;
				PRODUCT_BUNDLE_IDENTIFIER = inno.com.HaysteskAssignmentTests;
				PRODUCT_NAME = "$(TARGET_NAME)";
				SWIFT_EMIT_LOC_STRINGS = NO;
				SWIFT_VERSION = 5.0;
				TARGETED_DEVICE_FAMILY = "1,2";
				TEST_HOST = "$(BUILT_PRODUCTS_DIR)/HaysteskAssignment.app/$(BUNDLE_EXECUTABLE_FOLDER_PATH)/HaysteskAssignment";
			};
			name = Debug;
		};
		8A974D3B2E4D1B16008DDD10 /* Release */ = {
			isa = XCBuildConfiguration;
			buildSettings = {
				BUNDLE_LOADER = "$(TEST_HOST)";
				CODE_SIGN_STYLE = Automatic;
				CURRENT_PROJECT_VERSION = 1;
				GENERATE_INFOPLIST_FILE = YES;
				IPHONEOS_DEPLOYMENT_TARGET = 16.0;
				MARKETING_VERSION = 1.0;
				PRODUCT_BUNDLE_IDENTIFIER = inno.com.HaysteskAssignmentTests;
				PRODUCT_NAME = "$(TARGET_NAME)";
				SWIFT_EMIT_LOC_STRINGS = NO;
				SWIFT_VERSION = 5.0;
				TARGETED_DEVICE_FAMILY = "1,2";
				TEST_HOST = "$(BUILT_PRODUCTS_DIR)/HaysteskAssignment.app/$(BUNDLE_EXECUTABLE_FOLDER_PATH)/HaysteskAssignment";
			};
			name = Release;
		};
		8A974D3D2E4D1B16008DDD10 /* Debug */ = {
			isa = XCBuildConfiguration;
			buildSettings = {
				CODE_SIGN_STYLE = Automatic;
				CURRENT_PROJECT_VERSION = 1;
				GENERATE_INFOPLIST_FILE = YES;
				IPHONEOS_DEPLOYMENT_TARGET = 16.0;
				MARKETING_VERSION = 1.0;
				PRODUCT_BUNDLE_IDENTIFIER = inno.com.HaysteskAssignmentUITests;
				PRODUCT_NAME = "$(TARGET_NAME)";
				SWIFT_EMIT_LOC_STRINGS = NO;
				SWIFT_VERSION = 5.0;
				TARGETED_DEVICE_FAMILY = "1,2";
				TEST_TARGET_NAME = HaysteskAssignment;
			};
			name = Debug;
		};
		8A974D3E2E4D1B16008DDD10 /* Release */ = {
			isa = XCBuildConfiguration;
			buildSettings = {
				CODE_SIGN_STYLE = Automatic;
				CURRENT_PROJECT_VERSION = 1;
				GENERATE_INFOPLIST_FILE = YES;
				IPHONEOS_DEPLOYMENT_TARGET = 16.0;
				MARKETING_VERSION = 1.0;
				PRODUCT_BUNDLE_IDENTIFIER = inno.com.HaysteskAssignmentUITests;
				PRODUCT_NAME = "$(TARGET_NAME)";
				SWIFT_EMIT_LOC_STRINGS = NO;
				SWIFT_VERSION = 5.0;
				TARGETED_DEVICE_FAMILY = "1,2";
				TEST_TARGET_NAME = HaysteskAssignment;
			};
			name = Release;
		};
/* End XCBuildConfiguration section */

/* Begin XCConfigurationList section */
		8A974D102E4D1B12008DDD10 /* Build configuration list for PBXProject "HaysteskAssignment" */ = {
			isa = XCConfigurationList;
			buildConfigurations = (
				8A974D342E4D1B16008DDD10 /* Debug */,
				8A974D352E4D1B16008DDD10 /* Release */,
			);
			defaultConfigurationIsVisible = 0;
			defaultConfigurationName = Release;
		};
		8A974D362E4D1B16008DDD10 /* Build configuration list for PBXNativeTarget "HaysteskAssignment" */ = {
			isa = XCConfigurationList;
			buildConfigurations = (
				8A974D372E4D1B16008DDD10 /* Debug */,
				8A974D382E4D1B16008DDD10 /* Release */,
			);
			defaultConfigurationIsVisible = 0;
			defaultConfigurationName = Release;
		};
		8A974D392E4D1B16008DDD10 /* Build configuration list for PBXNativeTarget "HaysteskAssignmentTests" */ = {
			isa = XCConfigurationList;
			buildConfigurations = (
				8A974D3A2E4D1B16008DDD10 /* Debug */,
				8A974D3B2E4D1B16008DDD10 /* Release */,
			);
			defaultConfigurationIsVisible = 0;
			defaultConfigurationName = Release;
		};
		8A974D3C2E4D1B16008DDD10 /* Build configuration list for PBXNativeTarget "HaysteskAssignmentUITests" */ = {
			isa = XCConfigurationList;
			buildConfigurations = (
				8A974D3D2E4D1B16008DDD10 /* Debug */,
				8A974D3E2E4D1B16008DDD10 /* Release */,
			);
			defaultConfigurationIsVisible = 0;
			defaultConfigurationName = Release;
		};
/* End XCConfigurationList section */
	};
	rootObject = 8A974D0D2E4D1B12008DDD10 /* Project object */;
}
